
Microsoft Visual Studio Solution File, Format Version 12.00
# Visual Studio Version 17
VisualStudioVersion = 17.11.35219.272
MinimumVisualStudioVersion = 10.0.40219.1
Project("{FAE04EC0-301F-11D3-BF4B-00C04F79EFBC}") = "KEO_Baitest", "KEO_Baitest\KEO_Baitest.csproj", "{73E0FF72-B8A5-46EE-AE51-33A3D61ACC70}"
EndProject
Global
	GlobalSection(SolutionConfigurationPlatforms) = preSolution
		Debug|Any CPU = Debug|Any CPU
		Release|Any CPU = Release|Any CPU
	EndGlobalSection
	GlobalSection(ProjectConfigurationPlatforms) = postSolution
		{73E0FF72-B8A5-46EE-AE51-33A3D61ACC70}.Debug|Any CPU.ActiveCfg = Debug|Any CPU
		{73E0FF72-B8A5-46EE-AE51-33A3D61ACC70}.Debug|Any CPU.Build.0 = Debug|Any CPU
		{73E0FF72-B8A5-46EE-AE51-33A3D61ACC70}.Release|Any CPU.ActiveCfg = Release|Any CPU
		{73E0FF72-B8A5-46EE-AE51-33A3D61ACC70}.Release|Any CPU.Build.0 = Release|Any CPU
	EndGlobalSection
	GlobalSection(SolutionProperties) = preSolution
		HideSolutionNode = FALSE
	EndGlobalSection
	GlobalSection(ExtensibilityGlobals) = postSolution
		SolutionGuid = {21D2AAEA-F521-49BE-94F1-7B1DBB8F3DEA}
	EndGlobalSection
EndGlobal
